
Microsoft Visual Studio Solution File, Format Version 12.00
# Visual Studio Version 16
VisualStudioVersion = 16.0.29926.136
MinimumVisualStudioVersion = 10.0.40219.1
Project("{FAE04EC0-301F-11D3-BF4B-00C04F79EFBC}") = "SierraCSharpRestClient", "SierraCSharpRestClient.csproj", "{69030477-CE71-4FC4-AA5E-9CBC85498CB7}"
EndProject
Project("{FAE04EC0-301F-11D3-BF4B-00C04F79EFBC}") = "SierraCSharpRestClientTests", "..\SierraCSharpRestClientTests\SierraCSharpRestClientTests.csproj", "{70934DD0-B08F-4B39-8805-75D67F4C9E71}"
EndProject
Global
	GlobalSection(SolutionConfigurationPlatforms) = preSolution
		Debug|Any CPU = Debug|Any CPU
		Release|Any CPU = Release|Any CPU
	EndGlobalSection
	GlobalSection(ProjectConfigurationPlatforms) = postSolution
		{69030477-CE71-4FC4-AA5E-9CBC85498CB7}.Debug|Any CPU.ActiveCfg = Debug|Any CPU
		{69030477-CE71-4FC4-AA5E-9CBC85498CB7}.Debug|Any CPU.Build.0 = Debug|Any CPU
		{69030477-CE71-4FC4-AA5E-9CBC85498CB7}.Release|Any CPU.ActiveCfg = Release|Any CPU
		{69030477-CE71-4FC4-AA5E-9CBC85498CB7}.Release|Any CPU.Build.0 = Release|Any CPU
		{70934DD0-B08F-4B39-8805-75D67F4C9E71}.Debug|Any CPU.ActiveCfg = Debug|Any CPU
		{70934DD0-B08F-4B39-8805-75D67F4C9E71}.Debug|Any CPU.Build.0 = Debug|Any CPU
		{70934DD0-B08F-4B39-8805-75D67F4C9E71}.Release|Any CPU.ActiveCfg = Release|Any CPU
		{70934DD0-B08F-4B39-8805-75D67F4C9E71}.Release|Any CPU.Build.0 = Release|Any CPU
	EndGlobalSection
	GlobalSection(SolutionProperties) = preSolution
		HideSolutionNode = FALSE
	EndGlobalSection
	GlobalSection(ExtensibilityGlobals) = postSolution
		SolutionGuid = {B34A4BA8-434B-41AE-8888-14D1A2BB4363}
	EndGlobalSection
EndGlobal
